<?xml version="1.0" encoding="utf-8"?>
<Project ToolsVersion="4.0" xmlns="http://schemas.microsoft.com/developer/msbuild/2003">
  <ItemGroup>
    <Filter Include="Source Files">
      <UniqueIdentifier>{4FC737F1-C7A5-4376-A066-2A32D752A2FF}</UniqueIdentifier>
      <Extensions>cpp;c;cc;cxx;c++;cppm;ixx;def;odl;idl;hpj;bat;asm;asmx</Extensions>
    </Filter>
    <Filter Include="Header Files">
      <UniqueIdentifier>{93995380-89BD-4b04-88EB-625FBE52EBFB}</UniqueIdentifier>
      <Extensions>h;hh;hpp;hxx;h++;hm;inl;inc;ipp;xsd</Extensions>
    </Filter>
    <Filter Include="Resource Files">
      <UniqueIdentifier>{67DA6AB6-F800-4c08-8B7A-83BB121AAD01}</UniqueIdentifier>
      <Extensions>rc;ico;cur;bmp;dlg;rc2;rct;bin;rgs;gif;jpg;jpeg;jpe;resx;tiff;tif;png;wav;mfcribbon-ms</Extensions>
    </Filter>
    <Filter Include="Header Files\GOComponents_h">
      <UniqueIdentifier>{832ca7d2-f4c7-40e4-af93-7db6e3181821}</UniqueIdentifier>
    </Filter>
    <Filter Include="Source Files\GOComponents_cpp">
      <UniqueIdentifier>{109515ab-751b-454b-a2a2-0b69958dee1c}</UniqueIdentifier>
    </Filter>
    <Filter Include="Header Files\Predefind objects">
      <UniqueIdentifier>{6e4ee704-e304-4dfa-937b-2494b69233ed}</UniqueIdentifier>
    </Filter>
    <Filter Include="Source Files\Predefind objects">
      <UniqueIdentifier>{9613ab98-3220-4122-8ca0-c02f610c72ee}</UniqueIdentifier>
    </Filter>
  </ItemGroup>
  <ItemGroup>
    <ClCompile Include="Main.cpp">
      <Filter>Source Files</Filter>
    </ClCompile>
    <ClCompile Include="SceneRunner.cpp">
      <Filter>Source Files</Filter>
    </ClCompile>
    <ClCompile Include="AnimationTimer.cpp">
      <Filter>Source Files</Filter>
    </ClCompile>
    <ClCompile Include="Scene.cpp">
      <Filter>Source Files</Filter>
    </ClCompile>
    <ClCompile Include="GameObject.cpp">
      <Filter>Source Files\GOComponents_cpp</Filter>
    </ClCompile>
    <ClCompile Include="GODrawable.cpp">
      <Filter>Source Files\GOComponents_cpp</Filter>
    </ClCompile>
    <ClCompile Include="GoTransform.cpp">
      <Filter>Source Files\GOComponents_cpp</Filter>
    </ClCompile>
    <ClCompile Include="GOScript.cpp">
      <Filter>Source Files\GOComponents_cpp</Filter>
    </ClCompile>
    <ClCompile Include="Drawables.cpp">
      <Filter>Source Files\Predefind objects</Filter>
    </ClCompile>
    <ClCompile Include="GameScripts.cpp">
      <Filter>Source Files\Predefind objects</Filter>
    </ClCompile>
    <ClCompile Include="Prefabs.cpp">
      <Filter>Source Files\Predefind objects</Filter>
    </ClCompile>
  </ItemGroup>
  <ItemGroup>
    <ClInclude Include="glut.h">
      <Filter>Header Files</Filter>
    </ClInclude>
    <ClInclude Include="Main.h">
      <Filter>Header Files</Filter>
    </ClInclude>
    <ClInclude Include="AnimationTimer.h">
      <Filter>Header Files</Filter>
    </ClInclude>
    <ClInclude Include="stdafx.h">
      <Filter>Header Files</Filter>
    </ClInclude>
    <ClInclude Include="Scene.h">
      <Filter>Header Files</Filter>
    </ClInclude>
    <ClInclude Include="GOTransform.h">
      <Filter>Header Files\GOComponents_h</Filter>
    </ClInclude>
    <ClInclude Include="GameObject.h">
      <Filter>Header Files\GOComponents_h</Filter>
    </ClInclude>
    <ClInclude Include="SceneRunner.h">
      <Filter>Header Files</Filter>
    </ClInclude>
    <ClInclude Include="GODrawable.h">
      <Filter>Header Files\GOComponents_h</Filter>
    </ClInclude>
    <ClInclude Include="GOScript.h">
      <Filter>Header Files\GOComponents_h</Filter>
    </ClInclude>
    <ClInclude Include="Drawables.h">
      <Filter>Header Files\Predefind objects</Filter>
    </ClInclude>
    <ClInclude Include="GameScripts.h">
      <Filter>Header Files\Predefind objects</Filter>
    </ClInclude>
    <ClInclude Include="Prefabs.h">
      <Filter>Header Files\Predefind objects</Filter>
    </ClInclude>
    <ClInclude Include="GOLightSourceData.h">
      <Filter>Header Files\GOComponents_h</Filter>
    </ClInclude>
    <ClInclude Include="GOInputSystem.h">
      <Filter>Header Files\GOComponents_h</Filter>
    </ClInclude>
  </ItemGroup>
</Project>